
Microsoft Visual Studio Solution File, Format Version 12.00
# Visual Studio 2013
VisualStudioVersion = 12.0.21005.1
MinimumVisualStudioVersion = 10.0.40219.1
Project("{FAE04EC0-301F-11D3-BF4B-00C04F79EFBC}") = "RomanNumeralsKata", "RomanNumeralsKata\RomanNumeralsKata.csproj", "{48F2D818-70AB-4843-8056-F26CE2B9E1FB}"
EndProject
Project("{FAE04EC0-301F-11D3-BF4B-00C04F79EFBC}") = "RomanNumeralsKata.Tests", "RomanNumeralsKata.Tests\RomanNumeralsKata.Tests.csproj", "{1F0F7E0D-CC6E-47B9-B4C8-EF1331B1BA6A}"
EndProject
Global
	GlobalSection(SolutionConfigurationPlatforms) = preSolution
		Debug|Any CPU = Debug|Any CPU
		Release|Any CPU = Release|Any CPU
	EndGlobalSection
	GlobalSection(ProjectConfigurationPlatforms) = postSolution
		{48F2D818-70AB-4843-8056-F26CE2B9E1FB}.Debug|Any CPU.ActiveCfg = Debug|Any CPU
		{48F2D818-70AB-4843-8056-F26CE2B9E1FB}.Debug|Any CPU.Build.0 = Debug|Any CPU
		{48F2D818-70AB-4843-8056-F26CE2B9E1FB}.Release|Any CPU.ActiveCfg = Release|Any CPU
		{48F2D818-70AB-4843-8056-F26CE2B9E1FB}.Release|Any CPU.Build.0 = Release|Any CPU
		{1F0F7E0D-CC6E-47B9-B4C8-EF1331B1BA6A}.Debug|Any CPU.ActiveCfg = Debug|Any CPU
		{1F0F7E0D-CC6E-47B9-B4C8-EF1331B1BA6A}.Debug|Any CPU.Build.0 = Debug|Any CPU
		{1F0F7E0D-CC6E-47B9-B4C8-EF1331B1BA6A}.Release|Any CPU.ActiveCfg = Release|Any CPU
		{1F0F7E0D-CC6E-47B9-B4C8-EF1331B1BA6A}.Release|Any CPU.Build.0 = Release|Any CPU
	EndGlobalSection
	GlobalSection(SolutionProperties) = preSolution
		HideSolutionNode = FALSE
	EndGlobalSection
EndGlobal
